// !$*UTF8*$!
{
	archiveVersion = 1;
	classes = {
	};
	objectVersion = 50;
	objects = {

/* Begin PBXBuildFile section */
		0B2A6460267A04A800101D45 /* EvenOdd in Resources */ = {isa = PBXBuildFile; fileRef = 0B2A645F267A04A800101D45 /* EvenOdd */; };
		0B2A6462267A0C0A00101D45 /* CheckVC.swift in Sources */ = {isa = PBXBuildFile; fileRef = 0B2A6461267A0C0A00101D45 /* CheckVC.swift */; };
		0B2A6464267A0C7900101D45 /* Extension.swift in Sources */ = {isa = PBXBuildFile; fileRef = 0B2A6463267A0C7900101D45 /* Extension.swift */; };
		0B2A6468267A0CB600101D45 /* Extension.swift in Sources */ = {isa = PBXBuildFile; fileRef = 0B2A6466267A0CB600101D45 /* Extension.swift */; };
		0B2A6469267A0CB600101D45 /* AppDelegate.swift in Sources */ = {isa = PBXBuildFile; fileRef = 0B2A6467267A0CB600101D45 /* AppDelegate.swift */; };
		0B2A646D267A0FD400101D45 /* ViewController.swift in Sources */ = {isa = PBXBuildFile; fileRef = 0B2A646C267A0FD400101D45 /* ViewController.swift */; };
		0B2A646F267A0FF700101D45 /* Result.swift in Sources */ = {isa = PBXBuildFile; fileRef = 0B2A646E267A0FF700101D45 /* Result.swift */; };
		0B2A6471267A104900101D45 /* EvenOdd in Resources */ = {isa = PBXBuildFile; fileRef = 0B2A6470267A104900101D45 /* EvenOdd */; };
		0BA11EEB2677543700FDEF88 /* Main.storyboard in Resources */ = {isa = PBXBuildFile; fileRef = 0BA11EE92677543700FDEF88 /* Main.storyboard */; };
		0BA11EED2677543800FDEF88 /* Assets.xcassets in Resources */ = {isa = PBXBuildFile; fileRef = 0BA11EEC2677543800FDEF88 /* Assets.xcassets */; };
		0BA11EF02677543800FDEF88 /* LaunchScreen.storyboard in Resources */ = {isa = PBXBuildFile; fileRef = 0BA11EEE2677543800FDEF88 /* LaunchScreen.storyboard */; };
/* End PBXBuildFile section */

/* Begin PBXFileReference section */
		0B2A645F267A04A800101D45 /* EvenOdd */ = {isa = PBXFileReference; lastKnownFileType = folder; name = EvenOdd; path = ../EvenOdd; sourceTree = "<group>"; };
		0B2A6461267A0C0A00101D45 /* CheckVC.swift */ = {isa = PBXFileReference; fileEncoding = 4; lastKnownFileType = sourcecode.swift; name = CheckVC.swift; path = EvenOdd/CheckVC.swift; sourceTree = SOURCE_ROOT; };
		0B2A6463267A0C7900101D45 /* Extension.swift */ = {isa = PBXFileReference; fileEncoding = 4; lastKnownFileType = sourcecode.swift; path = Extension.swift; sourceTree = "<group>"; };
		0B2A6466267A0CB600101D45 /* Extension.swift */ = {isa = PBXFileReference; fileEncoding = 4; lastKnownFileType = sourcecode.swift; path = Extension.swift; sourceTree = "<group>"; };
		0B2A6467267A0CB600101D45 /* AppDelegate.swift */ = {isa = PBXFileReference; fileEncoding = 4; lastKnownFileType = sourcecode.swift; path = AppDelegate.swift; sourceTree = "<group>"; };
		0B2A646C267A0FD400101D45 /* ViewController.swift */ = {isa = PBXFileReference; fileEncoding = 4; lastKnownFileType = sourcecode.swift; name = ViewController.swift; path = EvenOdd/ViewController.swift; sourceTree = SOURCE_ROOT; };
		0B2A646E267A0FF700101D45 /* Result.swift */ = {isa = PBXFileReference; fileEncoding = 4; lastKnownFileType = sourcecode.swift; name = Result.swift; path = EvenOdd/Result.swift; sourceTree = SOURCE_ROOT; };
		0B2A6470267A104900101D45 /* EvenOdd */ = {isa = PBXFileReference; lastKnownFileType = folder; name = EvenOdd; sourceTree = SOURCE_ROOT; };
		0BA11EE22677543700FDEF88 /* EvenOdd.app */ = {isa = PBXFileReference; explicitFileType = wrapper.application; includeInIndex = 0; path = EvenOdd.app; sourceTree = BUILT_PRODUCTS_DIR; };
		0BA11EEA2677543700FDEF88 /* Base */ = {isa = PBXFileReference; lastKnownFileType = file.storyboard; name = Base; path = Base.lproj/Main.storyboard; sourceTree = "<group>"; };
		0BA11EEC2677543800FDEF88 /* Assets.xcassets */ = {isa = PBXFileReference; lastKnownFileType = folder.assetcatalog; name = Assets.xcassets; path = ../EvenOdd/Assets.xcassets; sourceTree = "<group>"; };
		0BA11EEF2677543800FDEF88 /* Base */ = {isa = PBXFileReference; lastKnownFileType = file.storyboard; name = Base; path = Base.lproj/LaunchScreen.storyboard; sourceTree = "<group>"; };
		0BA11EF12677543800FDEF88 /* Info.plist */ = {isa = PBXFileReference; lastKnownFileType = text.plist.xml; name = Info.plist; path = ../EvenOdd/Info.plist; sourceTree = "<group>"; };
/* End PBXFileReference section */

/* Begin PBXFrameworksBuildPhase section */
		0BA11EDF2677543700FDEF88 /* Frameworks */ = {
			isa = PBXFrameworksBuildPhase;
			buildActionMask = 2147483647;
			files = (
			);
			runOnlyForDeploymentPostprocessing = 0;
		};
/* End PBXFrameworksBuildPhase section */

/* Begin PBXGroup section */
		0B2A6465267A0CB600101D45 /* Extra */ = {
			isa = PBXGroup;
			children = (
				0B2A6466267A0CB600101D45 /* Extension.swift */,
				0B2A6467267A0CB600101D45 /* AppDelegate.swift */,
			);
			name = Extra;
			sourceTree = "<group>";
		};
		0BA11ED92677543700FDEF88 = {
			isa = PBXGroup;
			children = (
				0BA11EE42677543700FDEF88 /* EvenOdd */,
				0BA11EE32677543700FDEF88 /* Products */,
			);
			sourceTree = "<group>";
		};
		0BA11EE32677543700FDEF88 /* Products */ = {
			isa = PBXGroup;
			children = (
				0BA11EE22677543700FDEF88 /* EvenOdd.app */,
			);
			name = Products;
			sourceTree = "<group>";
		};
		0BA11EE42677543700FDEF88 /* EvenOdd */ = {
			isa = PBXGroup;
			children = (
				0BA11EE92677543700FDEF88 /* Main.storyboard */,
				0B2A6463267A0C7900101D45 /* Extension.swift */,
				0B2A6470267A104900101D45 /* EvenOdd */,
				0B2A646C267A0FD400101D45 /* ViewController.swift */,
				0B2A645F267A04A800101D45 /* EvenOdd */,
				0BA11EEC2677543800FDEF88 /* Assets.xcassets */,
				0B2A6465267A0CB600101D45 /* Extra */,
				0BA11EEE2677543800FDEF88 /* LaunchScreen.storyboard */,
				0BA11EF12677543800FDEF88 /* Info.plist */,
				0B2A6461267A0C0A00101D45 /* CheckVC.swift */,
				0B2A646E267A0FF700101D45 /* Result.swift */,
			);
			name = EvenOdd;
			path = Extra;
			sourceTree = "<group>";
		};
/* End PBXGroup section */

/* Begin PBXNativeTarget section */
		0BA11EE12677543700FDEF88 /* EvenOdd */ = {
			isa = PBXNativeTarget;
			buildConfigurationList = 0BA11EF42677543800FDEF88 /* Build configuration list for PBXNativeTarget "EvenOdd" */;
			buildPhases = (
				0BA11EDE2677543700FDEF88 /* Sources */,
				0BA11EDF2677543700FDEF88 /* Frameworks */,
				0BA11EE02677543700FDEF88 /* Resources */,
			);
			buildRules = (
			);
			dependencies = (
			);
			name = EvenOdd;
			productName = testEvenOdd;
			productReference = 0BA11EE22677543700FDEF88 /* EvenOdd.app */;
			productType = "com.apple.product-type.application";
		};
/* End PBXNativeTarget section */

/* Begin PBXProject section */
		0BA11EDA2677543700FDEF88 /* Project object */ = {
			isa = PBXProject;
			attributes = {
				LastSwiftUpdateCheck = 1020;
				LastUpgradeCheck = 1020;
				ORGANIZATIONNAME = DCS;
				TargetAttributes = {
					0BA11EE12677543700FDEF88 = {
						CreatedOnToolsVersion = 10.2.1;
					};
				};
			};
			buildConfigurationList = 0BA11EDD2677543700FDEF88 /* Build configuration list for PBXProject "EvenOdd" */;
			compatibilityVersion = "Xcode 9.3";
			developmentRegion = en;
			hasScannedForEncodings = 0;
			knownRegions = (
				en,
				Base,
			);
			mainGroup = 0BA11ED92677543700FDEF88;
			productRefGroup = 0BA11EE32677543700FDEF88 /* Products */;
			projectDirPath = "";
			projectRoot = "";
			targets = (
				0BA11EE12677543700FDEF88 /* EvenOdd */,
			);
		};
/* End PBXProject section */

/* Begin PBXResourcesBuildPhase section */
		0BA11EE02677543700FDEF88 /* Resources */ = {
			isa = PBXResourcesBuildPhase;
			buildActionMask = 2147483647;
			files = (
				0B2A6460267A04A800101D45 /* EvenOdd in Resources */,
				0B2A6471267A104900101D45 /* EvenOdd in Resources */,
				0BA11EF02677543800FDEF88 /* LaunchScreen.storyboard in Resources */,
				0BA11EED2677543800FDEF88 /* Assets.xcassets in Resources */,
				0BA11EEB2677543700FDEF88 /* Main.storyboard in Resources */,
			);
			runOnlyForDeploymentPostprocessing = 0;
		};
/* End PBXResourcesBuildPhase section */

/* Begin PBXSourcesBuildPhase section */
		0BA11EDE2677543700FDEF88 /* Sources */ = {
			isa = PBXSourcesBuildPhase;
			buildActionMask = 2147483647;
			files = (
				0B2A646F267A0FF700101D45 /* Result.swift in Sources */,
				0B2A646D267A0FD400101D45 /* ViewController.swift in Sources */,
				0B2A6469267A0CB600101D45 /* AppDelegate.swift in Sources */,
				0B2A6468267A0CB600101D45 /* Extension.swift in Sources */,
				0B2A6462267A0C0A00101D45 /* CheckVC.swift in Sources */,
				0B2A6464267A0C7900101D45 /* Extension.swift in Sources */,
			);
			runOnlyForDeploymentPostprocessing = 0;
		};
/* End PBXSourcesBuildPhase section */

/* Begin PBXVariantGroup section */
		0BA11EE92677543700FDEF88 /* Main.storyboard */ = {
			isa = PBXVariantGroup;
			children = (
				0BA11EEA2677543700FDEF88 /* Base */,
			);
			name = Main.storyboard;
			path = ../EvenOdd;
			sourceTree = "<group>";
		};
		0BA11EEE2677543800FDEF88 /* LaunchScreen.storyboard */ = {
			isa = PBXVariantGroup;
			children = (
				0BA11EEF2677543800FDEF88 /* Base */,
			);
			name = LaunchScreen.storyboard;
			path = ../EvenOdd;
			sourceTree = "<group>";
		};
/* End PBXVariantGroup section */

/* Begin XCBuildConfiguration section */
		0BA11EF22677543800FDEF88 /* Debug */ = {
			isa = XCBuildConfiguration;
			buildSettings = {
				ALWAYS_SEARCH_USER_PATHS = NO;
				CLANG_ANALYZER_NONNULL = YES;
				CLANG_ANALYZER_NUMBER_OBJECT_CONVERSION = YES_AGGRESSIVE;
				CLANG_CXX_LANGUAGE_STANDARD = "gnu++14";
				CLANG_CXX_LIBRARY = "libc++";
				CLANG_ENABLE_MODULES = YES;
				CLANG_ENABLE_OBJC_ARC = YES;
				CLANG_ENABLE_OBJC_WEAK = YES;
				CLANG_WARN_BLOCK_CAPTURE_AUTORELEASING = YES;
				CLANG_WARN_BOOL_CONVERSION = YES;
				CLANG_WARN_COMMA = YES;
				CLANG_WARN_CONSTANT_CONVERSION = YES;
				CLANG_WARN_DEPRECATED_OBJC_IMPLEMENTATIONS = YES;
				CLANG_WARN_DIRECT_OBJC_ISA_USAGE = YES_ERROR;
				CLANG_WARN_DOCUMENTATION_COMMENTS = YES;
				CLANG_WARN_EMPTY_BODY = YES;
				CLANG_WARN_ENUM_CONVERSION = YES;
				CLANG_WARN_INFINITE_RECURSION = YES;
				CLANG_WARN_INT_CONVERSION = YES;
				CLANG_WARN_NON_LITERAL_NULL_CONVERSION = YES;
				CLANG_WARN_OBJC_IMPLICIT_RETAIN_SELF = YES;
				CLANG_WARN_OBJC_LITERAL_CONVERSION = YES;
				CLANG_WARN_OBJC_ROOT_CLASS = YES_ERROR;
				CLANG_WARN_RANGE_LOOP_ANALYSIS = YES;
				CLANG_WARN_STRICT_PROTOTYPES = YES;
				CLANG_WARN_SUSPICIOUS_MOVE = YES;
				CLANG_WARN_UNGUARDED_AVAILABILITY = YES_AGGRESSIVE;
				CLANG_WARN_UNREACHABLE_CODE = YES;
				CLANG_WARN__DUPLICATE_METHOD_MATCH = YES;
				CODE_SIGN_IDENTITY = "iPhone Developer";
				COPY_PHASE_STRIP = NO;
				DEBUG_INFORMATION_FORMAT = dwarf;
				ENABLE_STRICT_OBJC_MSGSEND = YES;
				ENABLE_TESTABILITY = YES;
				GCC_C_LANGUAGE_STANDARD = gnu11;
				GCC_DYNAMIC_NO_PIC = NO;
				GCC_NO_COMMON_BLOCKS = YES;
				GCC_OPTIMIZATION_LEVEL = 0;
				GCC_PREPROCESSOR_DEFINITIONS = (
					"DEBUG=1",
					"$(inherited)",
				);
				GCC_WARN_64_TO_32_BIT_CONVERSION = YES;
				GCC_WARN_ABOUT_RETURN_TYPE = YES_ERROR;
				GCC_WARN_UNDECLARED_SELECTOR = YES;
				GCC_WARN_UNINITIALIZED_AUTOS = YES_AGGRESSIVE;
				GCC_WARN_UNUSED_FUNCTION = YES;
				GCC_WARN_UNUSED_VARIABLE = YES;
				IPHONEOS_DEPLOYMENT_TARGET = 12.2;
				MTL_ENABLE_DEBUG_INFO = INCLUDE_SOURCE;
				MTL_FAST_MATH = YES;
				ONLY_ACTIVE_ARCH = YES;
				SDKROOT = iphoneos;
				SWIFT_ACTIVE_COMPILATION_CONDITIONS = DEBUG;
				SWIFT_OPTIMIZATION_LEVEL = "-Onone";
			};
			name = Debug;
		};
		0BA11EF32677543800FDEF88 /* Release */ = {
			isa = XCBuildConfiguration;
			buildSettings = {
				ALWAYS_SEARCH_USER_PATHS = NO;
				CLANG_ANALYZER_NONNULL = YES;
				CLANG_ANALYZER_NUMBER_OBJECT_CONVERSION = YES_AGGRESSIVE;
				CLANG_CXX_LANGUAGE_STANDARD = "gnu++14";
				CLANG_CXX_LIBRARY = "libc++";
				CLANG_ENABLE_MODULES = YES;
				CLANG_ENABLE_OBJC_ARC = YES;
				CLANG_ENABLE_OBJC_WEAK = YES;
				CLANG_WARN_BLOCK_CAPTURE_AUTORELEASING = YES;
				CLANG_WARN_BOOL_CONVERSION = YES;
				CLANG_WARN_COMMA = YES;
				CLANG_WARN_CONSTANT_CONVERSION = YES;
				CLANG_WARN_DEPRECATED_OBJC_IMPLEMENTATIONS = YES;
				CLANG_WARN_DIRECT_OBJC_ISA_USAGE = YES_ERROR;
				CLANG_WARN_DOCUMENTATION_COMMENTS = YES;
				CLANG_WARN_EMPTY_BODY = YES;
				CLANG_WARN_ENUM_CONVERSION = YES;
				CLANG_WARN_INFINITE_RECURSION = YES;
				CLANG_WARN_INT_CONVERSION = YES;
				CLANG_WARN_NON_LITERAL_NULL_CONVERSION = YES;
				CLANG_WARN_OBJC_IMPLICIT_RETAIN_SELF = YES;
				CLANG_WARN_OBJC_LITERAL_CONVERSION = YES;
				CLANG_WARN_OBJC_ROOT_CLASS = YES_ERROR;
				CLANG_WARN_RANGE_LOOP_ANALYSIS = YES;
				CLANG_WARN_STRICT_PROTOTYPES = YES;
				CLANG_WARN_SUSPICIOUS_MOVE = YES;
				CLANG_WARN_UNGUARDED_AVAILABILITY = YES_AGGRESSIVE;
				CLANG_WARN_UNREACHABLE_CODE = YES;
				CLANG_WARN__DUPLICATE_METHOD_MATCH = YES;
				CODE_SIGN_IDENTITY = "iPhone Developer";
				COPY_PHASE_STRIP = NO;
				DEBUG_INFORMATION_FORMAT = "dwarf-with-dsym";
				ENABLE_NS_ASSERTIONS = NO;
				ENABLE_STRICT_OBJC_MSGSEND = YES;
				GCC_C_LANGUAGE_STANDARD = gnu11;
				GCC_NO_COMMON_BLOCKS = YES;
				GCC_WARN_64_TO_32_BIT_CONVERSION = YES;
				GCC_WARN_ABOUT_RETURN_TYPE = YES_ERROR;
				GCC_WARN_UNDECLARED_SELECTOR = YES;
				GCC_WARN_UNINITIALIZED_AUTOS = YES_AGGRESSIVE;
				GCC_WARN_UNUSED_FUNCTION = YES;
				GCC_WARN_UNUSED_VARIABLE = YES;
				IPHONEOS_DEPLOYMENT_TARGET = 12.2;
				MTL_ENABLE_DEBUG_INFO = NO;
				MTL_FAST_MATH = YES;
				SDKROOT = iphoneos;
				SWIFT_COMPILATION_MODE = wholemodule;
				SWIFT_OPTIMIZATION_LEVEL = "-O";
				VALIDATE_PRODUCT = YES;
			};
			name = Release;
		};
		0BA11EF52677543800FDEF88 /* Debug */ = {
			isa = XCBuildConfiguration;
			buildSettings = {
				ASSETCATALOG_COMPILER_APPICON_NAME = AppIcon;
				CODE_SIGN_STYLE = Automatic;
				INFOPLIST_FILE = testEvenOdd/Info.plist;
				LD_RUNPATH_SEARCH_PATHS = (
					"$(inherited)",
					"@executable_path/Frameworks",
				);
				PRODUCT_BUNDLE_IDENTIFIER = in.ac.vnsgu.dcs.testEvenOdd;
				PRODUCT_NAME = "$(TARGET_NAME)";
				SWIFT_VERSION = 5.0;
				TARGETED_DEVICE_FAMILY = "1,2";
			};
			name = Debug;
		};
		0BA11EF62677543800FDEF88 /* Release */ = {
			isa = XCBuildConfiguration;
			buildSettings = {
				ASSETCATALOG_COMPILER_APPICON_NAME = AppIcon;
				CODE_SIGN_STYLE = Automatic;
				INFOPLIST_FILE = testEvenOdd/Info.plist;
				LD_RUNPATH_SEARCH_PATHS = (
					"$(inherited)",
					"@executable_path/Frameworks",
				);
				PRODUCT_BUNDLE_IDENTIFIER = in.ac.vnsgu.dcs.testEvenOdd;
				PRODUCT_NAME = "$(TARGET_NAME)";
				SWIFT_VERSION = 5.0;
				TARGETED_DEVICE_FAMILY = "1,2";
			};
			name = Release;
		};
/* End XCBuildConfiguration section */

/* Begin XCConfigurationList section */
		0BA11EDD2677543700FDEF88 /* Build configuration list for PBXProject "EvenOdd" */ = {
			isa = XCConfigurationList;
			buildConfigurations = (
				0BA11EF22677543800FDEF88 /* Debug */,
				0BA11EF32677543800FDEF88 /* Release */,
			);
			defaultConfigurationIsVisible = 0;
			defaultConfigurationName = Release;
		};
		0BA11EF42677543800FDEF88 /* Build configuration list for PBXNativeTarget "EvenOdd" */ = {
			isa = XCConfigurationList;
			buildConfigurations = (
				0BA11EF52677543800FDEF88 /* Debug */,
				0BA11EF62677543800FDEF88 /* Release */,
			);
			defaultConfigurationIsVisible = 0;
			defaultConfigurationName = Release;
		};
/* End XCConfigurationList section */
	};
	rootObject = 0BA11EDA2677543700FDEF88 /* Project object */;
}
